
Microsoft Visual Studio Solution File, Format Version 12.00
# Visual Studio 2017
Project("{FAE04EC0-301F-11D3-BF4B-00C04F79EFBC}") = "tetris3d_ver2", "tetris3d_ver2.csproj", "{15B87521-4A9C-8FA3-E885-0B3D8F484811}"
EndProject
Global
	GlobalSection(SolutionConfigurationPlatforms) = preSolution
		Debug|Any CPU = Debug|Any CPU
		Release|Any CPU = Release|Any CPU
	EndGlobalSection
	GlobalSection(ProjectConfigurationPlatforms) = postSolution
		{15B87521-4A9C-8FA3-E885-0B3D8F484811}.Debug|Any CPU.ActiveCfg = Debug|Any CPU
		{15B87521-4A9C-8FA3-E885-0B3D8F484811}.Debug|Any CPU.Build.0 = Debug|Any CPU
		{15B87521-4A9C-8FA3-E885-0B3D8F484811}.Release|Any CPU.ActiveCfg = Release|Any CPU
		{15B87521-4A9C-8FA3-E885-0B3D8F484811}.Release|Any CPU.Build.0 = Release|Any CPU
	EndGlobalSection
	GlobalSection(SolutionProperties) = preSolution
		HideSolutionNode = FALSE
	EndGlobalSection
EndGlobal
